// !$*UTF8*$!
{
	archiveVersion = 1;
	classes = {
	};
	objectVersion = 46;
	objects = {

/* Begin PBXBuildFile section */
		3B0AC51C1BDEA4D400FD423E /* AppDelegate.swift in Sources */ = {isa = PBXBuildFile; fileRef = 3B0AC51B1BDEA4D400FD423E /* AppDelegate.swift */; };
		3B0AC51E1BDEA4D400FD423E /* ViewController.swift in Sources */ = {isa = PBXBuildFile; fileRef = 3B0AC51D1BDEA4D400FD423E /* ViewController.swift */; };
		3B0AC5211BDEA4D400FD423E /* Main.storyboard in Resources */ = {isa = PBXBuildFile; fileRef = 3B0AC51F1BDEA4D400FD423E /* Main.storyboard */; };
		3B0AC5231BDEA4D400FD423E /* Assets.xcassets in Resources */ = {isa = PBXBuildFile; fileRef = 3B0AC5221BDEA4D400FD423E /* Assets.xcassets */; };
		3B0AC5261BDEA4D400FD423E /* LaunchScreen.storyboard in Resources */ = {isa = PBXBuildFile; fileRef = 3B0AC5241BDEA4D400FD423E /* LaunchScreen.storyboard */; };
		3BD866151BE140BB0033C931 /* CandySearchResultTableViewController.swift in Sources */ = {isa = PBXBuildFile; fileRef = 3BD866141BE140BB0033C931 /* CandySearchResultTableViewController.swift */; };
		3F2B2BB01BDEAB1C008A4848 /* Candy.swift in Sources */ = {isa = PBXBuildFile; fileRef = 3F2B2BAF1BDEAB1C008A4848 /* Candy.swift */; };
		3F8620B01BE16156001B18F5 /* APIFormatter.swift in Sources */ = {isa = PBXBuildFile; fileRef = 3F8620AF1BE16156001B18F5 /* APIFormatter.swift */; };
/* End PBXBuildFile section */

/* Begin PBXFileReference section */
		3B0AC5181BDEA4D400FD423E /* candyKilljoy.app */ = {isa = PBXFileReference; explicitFileType = wrapper.application; includeInIndex = 0; path = candyKilljoy.app; sourceTree = BUILT_PRODUCTS_DIR; };
		3B0AC51B1BDEA4D400FD423E /* AppDelegate.swift */ = {isa = PBXFileReference; lastKnownFileType = sourcecode.swift; path = AppDelegate.swift; sourceTree = "<group>"; };
		3B0AC51D1BDEA4D400FD423E /* ViewController.swift */ = {isa = PBXFileReference; lastKnownFileType = sourcecode.swift; path = ViewController.swift; sourceTree = "<group>"; };
		3B0AC5201BDEA4D400FD423E /* Base */ = {isa = PBXFileReference; lastKnownFileType = file.storyboard; name = Base; path = Base.lproj/Main.storyboard; sourceTree = "<group>"; };
		3B0AC5221BDEA4D400FD423E /* Assets.xcassets */ = {isa = PBXFileReference; lastKnownFileType = folder.assetcatalog; path = Assets.xcassets; sourceTree = "<group>"; };
		3B0AC5251BDEA4D400FD423E /* Base */ = {isa = PBXFileReference; lastKnownFileType = file.storyboard; name = Base; path = Base.lproj/LaunchScreen.storyboard; sourceTree = "<group>"; };
		3B0AC5271BDEA4D400FD423E /* Info.plist */ = {isa = PBXFileReference; lastKnownFileType = text.plist.xml; path = Info.plist; sourceTree = "<group>"; };
		3BD866141BE140BB0033C931 /* CandySearchResultTableViewController.swift */ = {isa = PBXFileReference; fileEncoding = 4; lastKnownFileType = sourcecode.swift; path = CandySearchResultTableViewController.swift; sourceTree = "<group>"; };
		3F2B2BAF1BDEAB1C008A4848 /* Candy.swift */ = {isa = PBXFileReference; fileEncoding = 4; lastKnownFileType = sourcecode.swift; path = Candy.swift; sourceTree = "<group>"; };
		3F8620AF1BE16156001B18F5 /* APIFormatter.swift */ = {isa = PBXFileReference; fileEncoding = 4; lastKnownFileType = sourcecode.swift; path = APIFormatter.swift; sourceTree = "<group>"; };
/* End PBXFileReference section */

/* Begin PBXFrameworksBuildPhase section */
		3B0AC5151BDEA4D400FD423E /* Frameworks */ = {
			isa = PBXFrameworksBuildPhase;
			buildActionMask = 2147483647;
			files = (
			);
			runOnlyForDeploymentPostprocessing = 0;
		};
/* End PBXFrameworksBuildPhase section */

/* Begin PBXGroup section */
		3B0AC50F1BDEA4D400FD423E = {
			isa = PBXGroup;
			children = (
				3B0AC51A1BDEA4D400FD423E /* candyKilljoy */,
				3B0AC5191BDEA4D400FD423E /* Products */,
			);
			sourceTree = "<group>";
		};
		3B0AC5191BDEA4D400FD423E /* Products */ = {
			isa = PBXGroup;
			children = (
				3B0AC5181BDEA4D400FD423E /* candyKilljoy.app */,
			);
			name = Products;
			sourceTree = "<group>";
		};
		3B0AC51A1BDEA4D400FD423E /* candyKilljoy */ = {
			isa = PBXGroup;
			children = (
				3F8620AF1BE16156001B18F5 /* APIFormatter.swift */,
				3F2B2BAE1BDEAAED008A4848 /* Model */,
				3B0AC51B1BDEA4D400FD423E /* AppDelegate.swift */,
				3B0AC51D1BDEA4D400FD423E /* ViewController.swift */,
				3BD866141BE140BB0033C931 /* CandySearchResultTableViewController.swift */,
				3B0AC51F1BDEA4D400FD423E /* Main.storyboard */,
				3B0AC5221BDEA4D400FD423E /* Assets.xcassets */,
				3B0AC5241BDEA4D400FD423E /* LaunchScreen.storyboard */,
				3B0AC5271BDEA4D400FD423E /* Info.plist */,
			);
			path = candyKilljoy;
			sourceTree = "<group>";
		};
		3F2B2BAE1BDEAAED008A4848 /* Model */ = {
			isa = PBXGroup;
			children = (
				3F2B2BAF1BDEAB1C008A4848 /* Candy.swift */,
			);
			name = Model;
			sourceTree = "<group>";
		};
/* End PBXGroup section */

/* Begin PBXNativeTarget section */
		3B0AC5171BDEA4D400FD423E /* candyKilljoy */ = {
			isa = PBXNativeTarget;
			buildConfigurationList = 3B0AC52A1BDEA4D400FD423E /* Build configuration list for PBXNativeTarget "candyKilljoy" */;
			buildPhases = (
				3B0AC5141BDEA4D400FD423E /* Sources */,
				3B0AC5151BDEA4D400FD423E /* Frameworks */,
				3B0AC5161BDEA4D400FD423E /* Resources */,
			);
			buildRules = (
			);
			dependencies = (
			);
			name = candyKilljoy;
			productName = candyKilljoy;
			productReference = 3B0AC5181BDEA4D400FD423E /* candyKilljoy.app */;
			productType = "com.apple.product-type.application";
		};
/* End PBXNativeTarget section */

/* Begin PBXProject section */
		3B0AC5101BDEA4D400FD423E /* Project object */ = {
			isa = PBXProject;
			attributes = {
				LastSwiftUpdateCheck = 0710;
				LastUpgradeCheck = 0710;
				ORGANIZATIONNAME = Amelia;
				TargetAttributes = {
					3B0AC5171BDEA4D400FD423E = {
						CreatedOnToolsVersion = 7.1;
					};
				};
			};
			buildConfigurationList = 3B0AC5131BDEA4D400FD423E /* Build configuration list for PBXProject "candyKilljoy" */;
			compatibilityVersion = "Xcode 3.2";
			developmentRegion = English;
			hasScannedForEncodings = 0;
			knownRegions = (
				en,
				Base,
			);
			mainGroup = 3B0AC50F1BDEA4D400FD423E;
			productRefGroup = 3B0AC5191BDEA4D400FD423E /* Products */;
			projectDirPath = "";
			projectRoot = "";
			targets = (
				3B0AC5171BDEA4D400FD423E /* candyKilljoy */,
			);
		};
/* End PBXProject section */

/* Begin PBXResourcesBuildPhase section */
		3B0AC5161BDEA4D400FD423E /* Resources */ = {
			isa = PBXResourcesBuildPhase;
			buildActionMask = 2147483647;
			files = (
				3B0AC5261BDEA4D400FD423E /* LaunchScreen.storyboard in Resources */,
				3B0AC5231BDEA4D400FD423E /* Assets.xcassets in Resources */,
				3B0AC5211BDEA4D400FD423E /* Main.storyboard in Resources */,
			);
			runOnlyForDeploymentPostprocessing = 0;
		};
/* End PBXResourcesBuildPhase section */

/* Begin PBXSourcesBuildPhase section */
		3B0AC5141BDEA4D400FD423E /* Sources */ = {
			isa = PBXSourcesBuildPhase;
			buildActionMask = 2147483647;
			files = (
				3BD866151BE140BB0033C931 /* CandySearchResultTableViewController.swift in Sources */,
				3B0AC51E1BDEA4D400FD423E /* ViewController.swift in Sources */,
				3F2B2BB01BDEAB1C008A4848 /* Candy.swift in Sources */,
				3F8620B01BE16156001B18F5 /* APIFormatter.swift in Sources */,
				3B0AC51C1BDEA4D400FD423E /* AppDelegate.swift in Sources */,
			);
			runOnlyForDeploymentPostprocessing = 0;
		};
/* End PBXSourcesBuildPhase section */

/* Begin PBXVariantGroup section */
		3B0AC51F1BDEA4D400FD423E /* Main.storyboard */ = {
			isa = PBXVariantGroup;
			children = (
				3B0AC5201BDEA4D400FD423E /* Base */,
			);
			name = Main.storyboard;
			sourceTree = "<group>";
		};
		3B0AC5241BDEA4D400FD423E /* LaunchScreen.storyboard */ = {
			isa = PBXVariantGroup;
			children = (
				3B0AC5251BDEA4D400FD423E /* Base */,
			);
			name = LaunchScreen.storyboard;
			sourceTree = "<group>";
		};
/* End PBXVariantGroup section */

/* Begin XCBuildConfiguration section */
		3B0AC5281BDEA4D400FD423E /* Debug */ = {
			isa = XCBuildConfiguration;
			buildSettings = {
				ALWAYS_SEARCH_USER_PATHS = NO;
				CLANG_CXX_LANGUAGE_STANDARD = "gnu++0x";
				CLANG_CXX_LIBRARY = "libc++";
				CLANG_ENABLE_MODULES = YES;
				CLANG_ENABLE_OBJC_ARC = YES;
				CLANG_WARN_BOOL_CONVERSION = YES;
				CLANG_WARN_CONSTANT_CONVERSION = YES;
				CLANG_WARN_DIRECT_OBJC_ISA_USAGE = YES_ERROR;
				CLANG_WARN_EMPTY_BODY = YES;
				CLANG_WARN_ENUM_CONVERSION = YES;
				CLANG_WARN_INT_CONVERSION = YES;
				CLANG_WARN_OBJC_ROOT_CLASS = YES_ERROR;
				CLANG_WARN_UNREACHABLE_CODE = YES;
				CLANG_WARN__DUPLICATE_METHOD_MATCH = YES;
				"CODE_SIGN_IDENTITY[sdk=iphoneos*]" = "iPhone Developer";
				COPY_PHASE_STRIP = NO;
				DEBUG_INFORMATION_FORMAT = dwarf;
				ENABLE_STRICT_OBJC_MSGSEND = YES;
				ENABLE_TESTABILITY = YES;
				GCC_C_LANGUAGE_STANDARD = gnu99;
				GCC_DYNAMIC_NO_PIC = NO;
				GCC_NO_COMMON_BLOCKS = YES;
				GCC_OPTIMIZATION_LEVEL = 0;
				GCC_PREPROCESSOR_DEFINITIONS = (
					"DEBUG=1",
					"$(inherited)",
				);
				GCC_WARN_64_TO_32_BIT_CONVERSION = YES;
				GCC_WARN_ABOUT_RETURN_TYPE = YES_ERROR;
				GCC_WARN_UNDECLARED_SELECTOR = YES;
				GCC_WARN_UNINITIALIZED_AUTOS = YES_AGGRESSIVE;
				GCC_WARN_UNUSED_FUNCTION = YES;
				GCC_WARN_UNUSED_VARIABLE = YES;
				IPHONEOS_DEPLOYMENT_TARGET = 9.1;
				MTL_ENABLE_DEBUG_INFO = YES;
				ONLY_ACTIVE_ARCH = YES;
				SDKROOT = iphoneos;
				SWIFT_OPTIMIZATION_LEVEL = "-Onone";
				TARGETED_DEVICE_FAMILY = "1,2";
			};
			name = Debug;
		};
		3B0AC5291BDEA4D400FD423E /* Release */ = {
			isa = XCBuildConfiguration;
			buildSettings = {
				ALWAYS_SEARCH_USER_PATHS = NO;
				CLANG_CXX_LANGUAGE_STANDARD = "gnu++0x";
				CLANG_CXX_LIBRARY = "libc++";
				CLANG_ENABLE_MODULES = YES;
				CLANG_ENABLE_OBJC_ARC = YES;
				CLANG_WARN_BOOL_CONVERSION = YES;
				CLANG_WARN_CONSTANT_CONVERSION = YES;
				CLANG_WARN_DIRECT_OBJC_ISA_USAGE = YES_ERROR;
				CLANG_WARN_EMPTY_BODY = YES;
				CLANG_WARN_ENUM_CONVERSION = YES;
				CLANG_WARN_INT_CONVERSION = YES;
				CLANG_WARN_OBJC_ROOT_CLASS = YES_ERROR;
				CLANG_WARN_UNREACHABLE_CODE = YES;
				CLANG_WARN__DUPLICATE_METHOD_MATCH = YES;
				"CODE_SIGN_IDENTITY[sdk=iphoneos*]" = "iPhone Developer";
				COPY_PHASE_STRIP = NO;
				DEBUG_INFORMATION_FORMAT = "dwarf-with-dsym";
				ENABLE_NS_ASSERTIONS = NO;
				ENABLE_STRICT_OBJC_MSGSEND = YES;
				GCC_C_LANGUAGE_STANDARD = gnu99;
				GCC_NO_COMMON_BLOCKS = YES;
				GCC_WARN_64_TO_32_BIT_CONVERSION = YES;
				GCC_WARN_ABOUT_RETURN_TYPE = YES_ERROR;
				GCC_WARN_UNDECLARED_SELECTOR = YES;
				GCC_WARN_UNINITIALIZED_AUTOS = YES_AGGRESSIVE;
				GCC_WARN_UNUSED_FUNCTION = YES;
				GCC_WARN_UNUSED_VARIABLE = YES;
				IPHONEOS_DEPLOYMENT_TARGET = 9.1;
				MTL_ENABLE_DEBUG_INFO = NO;
				SDKROOT = iphoneos;
				TARGETED_DEVICE_FAMILY = "1,2";
				VALIDATE_PRODUCT = YES;
			};
			name = Release;
		};
		3B0AC52B1BDEA4D400FD423E /* Debug */ = {
			isa = XCBuildConfiguration;
			buildSettings = {
				ASSETCATALOG_COMPILER_APPICON_NAME = AppIcon;
				INFOPLIST_FILE = candyKilljoy/Info.plist;
				LD_RUNPATH_SEARCH_PATHS = "$(inherited) @executable_path/Frameworks";
				PRODUCT_BUNDLE_IDENTIFIER = com.Amelia.candyKilljoy;
				PRODUCT_NAME = "$(TARGET_NAME)";
			};
			name = Debug;
		};
		3B0AC52C1BDEA4D400FD423E /* Release */ = {
			isa = XCBuildConfiguration;
			buildSettings = {
				ASSETCATALOG_COMPILER_APPICON_NAME = AppIcon;
				INFOPLIST_FILE = candyKilljoy/Info.plist;
				LD_RUNPATH_SEARCH_PATHS = "$(inherited) @executable_path/Frameworks";
				PRODUCT_BUNDLE_IDENTIFIER = com.Amelia.candyKilljoy;
				PRODUCT_NAME = "$(TARGET_NAME)";
			};
			name = Release;
		};
/* End XCBuildConfiguration section */

/* Begin XCConfigurationList section */
		3B0AC5131BDEA4D400FD423E /* Build configuration list for PBXProject "candyKilljoy" */ = {
			isa = XCConfigurationList;
			buildConfigurations = (
				3B0AC5281BDEA4D400FD423E /* Debug */,
				3B0AC5291BDEA4D400FD423E /* Release */,
			);
			defaultConfigurationIsVisible = 0;
			defaultConfigurationName = Release;
		};
		3B0AC52A1BDEA4D400FD423E /* Build configuration list for PBXNativeTarget "candyKilljoy" */ = {
			isa = XCConfigurationList;
			buildConfigurations = (
				3B0AC52B1BDEA4D400FD423E /* Debug */,
				3B0AC52C1BDEA4D400FD423E /* Release */,
			);
			defaultConfigurationIsVisible = 0;
			defaultConfigurationName = Release;
		};
/* End XCConfigurationList section */
	};
	rootObject = 3B0AC5101BDEA4D400FD423E /* Project object */;
}
